// !$*UTF8*$!
{
	archiveVersion = 1;
	classes = {
	};
	objectVersion = 46;
	objects = {

/* Begin PBXBuildFile section */
		282DC6861789191B0042FC9C /* UIKit.framework in Frameworks */ = {isa = PBXBuildFile; fileRef = 282DC6851789191B0042FC9C /* UIKit.framework */; };
		282DC6881789191B0042FC9C /* Foundation.framework in Frameworks */ = {isa = PBXBuildFile; fileRef = 282DC6871789191B0042FC9C /* Foundation.framework */; };
		282DC68A1789191B0042FC9C /* CoreGraphics.framework in Frameworks */ = {isa = PBXBuildFile; fileRef = 282DC6891789191B0042FC9C /* CoreGraphics.framework */; };
		282DC6901789191B0042FC9C /* InfoPlist.strings in Resources */ = {isa = PBXBuildFile; fileRef = 282DC68E1789191B0042FC9C /* InfoPlist.strings */; };
		282DC6921789191B0042FC9C /* main.m in Sources */ = {isa = PBXBuildFile; fileRef = 282DC6911789191B0042FC9C /* main.m */; };
		282DC6961789191B0042FC9C /* AppDelegate.m in Sources */ = {isa = PBXBuildFile; fileRef = 282DC6951789191B0042FC9C /* AppDelegate.m */; };
		282DC6981789191B0042FC9C /* Default.png in Resources */ = {isa = PBXBuildFile; fileRef = 282DC6971789191B0042FC9C /* Default.png */; };
		282DC69A1789191B0042FC9C /* Default@2x.png in Resources */ = {isa = PBXBuildFile; fileRef = 282DC6991789191B0042FC9C /* Default@2x.png */; };
		282DC69C1789191B0042FC9C /* Default-568h@2x.png in Resources */ = {isa = PBXBuildFile; fileRef = 282DC69B1789191B0042FC9C /* Default-568h@2x.png */; };
		282DC69F1789191B0042FC9C /* ViewController.m in Sources */ = {isa = PBXBuildFile; fileRef = 282DC69E1789191B0042FC9C /* ViewController.m */; };
		282DC6A21789191B0042FC9C /* ViewController.xib in Resources */ = {isa = PBXBuildFile; fileRef = 282DC6A01789191B0042FC9C /* ViewController.xib */; };
/* End PBXBuildFile section */

/* Begin PBXFileReference section */
		282DC6821789191B0042FC9C /* NTParallaxScrollView.app */ = {isa = PBXFileReference; explicitFileType = wrapper.application; includeInIndex = 0; path = NTParallaxScrollView.app; sourceTree = BUILT_PRODUCTS_DIR; };
		282DC6851789191B0042FC9C /* UIKit.framework */ = {isa = PBXFileReference; lastKnownFileType = wrapper.framework; name = UIKit.framework; path = System/Library/Frameworks/UIKit.framework; sourceTree = SDKROOT; };
		282DC6871789191B0042FC9C /* Foundation.framework */ = {isa = PBXFileReference; lastKnownFileType = wrapper.framework; name = Foundation.framework; path = System/Library/Frameworks/Foundation.framework; sourceTree = SDKROOT; };
		282DC6891789191B0042FC9C /* CoreGraphics.framework */ = {isa = PBXFileReference; lastKnownFileType = wrapper.framework; name = CoreGraphics.framework; path = System/Library/Frameworks/CoreGraphics.framework; sourceTree = SDKROOT; };
		282DC68D1789191B0042FC9C /* NTParallaxScrollView-Info.plist */ = {isa = PBXFileReference; lastKnownFileType = text.plist.xml; path = "NTParallaxScrollView-Info.plist"; sourceTree = "<group>"; };
		282DC68F1789191B0042FC9C /* en */ = {isa = PBXFileReference; lastKnownFileType = text.plist.strings; name = en; path = en.lproj/InfoPlist.strings; sourceTree = "<group>"; };
		282DC6911789191B0042FC9C /* main.m */ = {isa = PBXFileReference; lastKnownFileType = sourcecode.c.objc; path = main.m; sourceTree = "<group>"; };
		282DC6931789191B0042FC9C /* NTParallaxScrollView-Prefix.pch */ = {isa = PBXFileReference; lastKnownFileType = sourcecode.c.h; path = "NTParallaxScrollView-Prefix.pch"; sourceTree = "<group>"; };
		282DC6941789191B0042FC9C /* AppDelegate.h */ = {isa = PBXFileReference; lastKnownFileType = sourcecode.c.h; path = AppDelegate.h; sourceTree = "<group>"; };
		282DC6951789191B0042FC9C /* AppDelegate.m */ = {isa = PBXFileReference; lastKnownFileType = sourcecode.c.objc; path = AppDelegate.m; sourceTree = "<group>"; };
		282DC6971789191B0042FC9C /* Default.png */ = {isa = PBXFileReference; lastKnownFileType = image.png; path = Default.png; sourceTree = "<group>"; };
		282DC6991789191B0042FC9C /* Default@2x.png */ = {isa = PBXFileReference; lastKnownFileType = image.png; path = "Default@2x.png"; sourceTree = "<group>"; };
		282DC69B1789191B0042FC9C /* Default-568h@2x.png */ = {isa = PBXFileReference; lastKnownFileType = image.png; path = "Default-568h@2x.png"; sourceTree = "<group>"; };
		282DC69D1789191B0042FC9C /* ViewController.h */ = {isa = PBXFileReference; lastKnownFileType = sourcecode.c.h; path = ViewController.h; sourceTree = "<group>"; };
		282DC69E1789191B0042FC9C /* ViewController.m */ = {isa = PBXFileReference; lastKnownFileType = sourcecode.c.objc; path = ViewController.m; sourceTree = "<group>"; };
		282DC6A11789191B0042FC9C /* en */ = {isa = PBXFileReference; lastKnownFileType = file.xib; name = en; path = en.lproj/ViewController.xib; sourceTree = "<group>"; };
/* End PBXFileReference section */

/* Begin PBXFrameworksBuildPhase section */
		282DC67F1789191B0042FC9C /* Frameworks */ = {
			isa = PBXFrameworksBuildPhase;
			buildActionMask = 2147483647;
			files = (
				282DC6861789191B0042FC9C /* UIKit.framework in Frameworks */,
				282DC6881789191B0042FC9C /* Foundation.framework in Frameworks */,
				282DC68A1789191B0042FC9C /* CoreGraphics.framework in Frameworks */,
			);
			runOnlyForDeploymentPostprocessing = 0;
		};
/* End PBXFrameworksBuildPhase section */

/* Begin PBXGroup section */
		282DC6791789191A0042FC9C = {
			isa = PBXGroup;
			children = (
				282DC68B1789191B0042FC9C /* NTParallaxScrollView */,
				282DC6841789191B0042FC9C /* Frameworks */,
				282DC6831789191B0042FC9C /* Products */,
			);
			sourceTree = "<group>";
		};
		282DC6831789191B0042FC9C /* Products */ = {
			isa = PBXGroup;
			children = (
				282DC6821789191B0042FC9C /* NTParallaxScrollView.app */,
			);
			name = Products;
			sourceTree = "<group>";
		};
		282DC6841789191B0042FC9C /* Frameworks */ = {
			isa = PBXGroup;
			children = (
				282DC6851789191B0042FC9C /* UIKit.framework */,
				282DC6871789191B0042FC9C /* Foundation.framework */,
				282DC6891789191B0042FC9C /* CoreGraphics.framework */,
			);
			name = Frameworks;
			sourceTree = "<group>";
		};
		282DC68B1789191B0042FC9C /* NTParallaxScrollView */ = {
			isa = PBXGroup;
			children = (
				282DC6941789191B0042FC9C /* AppDelegate.h */,
				282DC6951789191B0042FC9C /* AppDelegate.m */,
				282DC69D1789191B0042FC9C /* ViewController.h */,
				282DC69E1789191B0042FC9C /* ViewController.m */,
				282DC6A01789191B0042FC9C /* ViewController.xib */,
				282DC68C1789191B0042FC9C /* Supporting Files */,
			);
			path = NTParallaxScrollView;
			sourceTree = "<group>";
		};
		282DC68C1789191B0042FC9C /* Supporting Files */ = {
			isa = PBXGroup;
			children = (
				282DC68D1789191B0042FC9C /* NTParallaxScrollView-Info.plist */,
				282DC68E1789191B0042FC9C /* InfoPlist.strings */,
				282DC6911789191B0042FC9C /* main.m */,
				282DC6931789191B0042FC9C /* NTParallaxScrollView-Prefix.pch */,
				282DC6971789191B0042FC9C /* Default.png */,
				282DC6991789191B0042FC9C /* Default@2x.png */,
				282DC69B1789191B0042FC9C /* Default-568h@2x.png */,
			);
			name = "Supporting Files";
			sourceTree = "<group>";
		};
/* End PBXGroup section */

/* Begin PBXNativeTarget section */
		282DC6811789191B0042FC9C /* NTParallaxScrollView */ = {
			isa = PBXNativeTarget;
			buildConfigurationList = 282DC6A51789191B0042FC9C /* Build configuration list for PBXNativeTarget "NTParallaxScrollView" */;
			buildPhases = (
				282DC67E1789191B0042FC9C /* Sources */,
				282DC67F1789191B0042FC9C /* Frameworks */,
				282DC6801789191B0042FC9C /* Resources */,
			);
			buildRules = (
			);
			dependencies = (
			);
			name = NTParallaxScrollView;
			productName = NTParallaxScrollView;
			productReference = 282DC6821789191B0042FC9C /* NTParallaxScrollView.app */;
			productType = "com.apple.product-type.application";
		};
/* End PBXNativeTarget section */

/* Begin PBXProject section */
		282DC67A1789191A0042FC9C /* Project object */ = {
			isa = PBXProject;
			attributes = {
				LastUpgradeCheck = 0460;
				ORGANIZATIONNAME = demon;
			};
			buildConfigurationList = 282DC67D1789191A0042FC9C /* Build configuration list for PBXProject "NTParallaxScrollView" */;
			compatibilityVersion = "Xcode 3.2";
			developmentRegion = English;
			hasScannedForEncodings = 0;
			knownRegions = (
				en,
			);
			mainGroup = 282DC6791789191A0042FC9C;
			productRefGroup = 282DC6831789191B0042FC9C /* Products */;
			projectDirPath = "";
			projectRoot = "";
			targets = (
				282DC6811789191B0042FC9C /* NTParallaxScrollView */,
			);
		};
/* End PBXProject section */

/* Begin PBXResourcesBuildPhase section */
		282DC6801789191B0042FC9C /* Resources */ = {
			isa = PBXResourcesBuildPhase;
			buildActionMask = 2147483647;
			files = (
				282DC6901789191B0042FC9C /* InfoPlist.strings in Resources */,
				282DC6981789191B0042FC9C /* Default.png in Resources */,
				282DC69A1789191B0042FC9C /* Default@2x.png in Resources */,
				282DC69C1789191B0042FC9C /* Default-568h@2x.png in Resources */,
				282DC6A21789191B0042FC9C /* ViewController.xib in Resources */,
			);
			runOnlyForDeploymentPostprocessing = 0;
		};
/* End PBXResourcesBuildPhase section */

/* Begin PBXSourcesBuildPhase section */
		282DC67E1789191B0042FC9C /* Sources */ = {
			isa = PBXSourcesBuildPhase;
			buildActionMask = 2147483647;
			files = (
				282DC6921789191B0042FC9C /* main.m in Sources */,
				282DC6961789191B0042FC9C /* AppDelegate.m in Sources */,
				282DC69F1789191B0042FC9C /* ViewController.m in Sources */,
			);
			runOnlyForDeploymentPostprocessing = 0;
		};
/* End PBXSourcesBuildPhase section */

/* Begin PBXVariantGroup section */
		282DC68E1789191B0042FC9C /* InfoPlist.strings */ = {
			isa = PBXVariantGroup;
			children = (
				282DC68F1789191B0042FC9C /* en */,
			);
			name = InfoPlist.strings;
			sourceTree = "<group>";
		};
		282DC6A01789191B0042FC9C /* ViewController.xib */ = {
			isa = PBXVariantGroup;
			children = (
				282DC6A11789191B0042FC9C /* en */,
			);
			name = ViewController.xib;
			sourceTree = "<group>";
		};
/* End PBXVariantGroup section */

/* Begin XCBuildConfiguration section */
		282DC6A31789191B0042FC9C /* Debug */ = {
			isa = XCBuildConfiguration;
			buildSettings = {
				ALWAYS_SEARCH_USER_PATHS = NO;
				CLANG_CXX_LANGUAGE_STANDARD = "gnu++0x";
				CLANG_CXX_LIBRARY = "libc++";
				CLANG_WARN_CONSTANT_CONVERSION = YES;
				CLANG_WARN_EMPTY_BODY = YES;
				CLANG_WARN_ENUM_CONVERSION = YES;
				CLANG_WARN_INT_CONVERSION = YES;
				CLANG_WARN__DUPLICATE_METHOD_MATCH = YES;
				"CODE_SIGN_IDENTITY[sdk=iphoneos*]" = "iPhone Developer";
				COPY_PHASE_STRIP = NO;
				GCC_C_LANGUAGE_STANDARD = gnu99;
				GCC_DYNAMIC_NO_PIC = NO;
				GCC_OPTIMIZATION_LEVEL = 0;
				GCC_PREPROCESSOR_DEFINITIONS = (
					"DEBUG=1",
					"$(inherited)",
				);
				GCC_SYMBOLS_PRIVATE_EXTERN = NO;
				GCC_WARN_ABOUT_RETURN_TYPE = YES;
				GCC_WARN_UNINITIALIZED_AUTOS = YES;
				GCC_WARN_UNUSED_VARIABLE = YES;
				IPHONEOS_DEPLOYMENT_TARGET = 6.1;
				ONLY_ACTIVE_ARCH = YES;
				SDKROOT = iphoneos;
			};
			name = Debug;
		};
		282DC6A41789191B0042FC9C /* Release */ = {
			isa = XCBuildConfiguration;
			buildSettings = {
				ALWAYS_SEARCH_USER_PATHS = NO;
				CLANG_CXX_LANGUAGE_STANDARD = "gnu++0x";
				CLANG_CXX_LIBRARY = "libc++";
				CLANG_WARN_CONSTANT_CONVERSION = YES;
				CLANG_WARN_EMPTY_BODY = YES;
				CLANG_WARN_ENUM_CONVERSION = YES;
				CLANG_WARN_INT_CONVERSION = YES;
				CLANG_WARN__DUPLICATE_METHOD_MATCH = YES;
				"CODE_SIGN_IDENTITY[sdk=iphoneos*]" = "iPhone Developer";
				COPY_PHASE_STRIP = YES;
				GCC_C_LANGUAGE_STANDARD = gnu99;
				GCC_WARN_ABOUT_RETURN_TYPE = YES;
				GCC_WARN_UNINITIALIZED_AUTOS = YES;
				GCC_WARN_UNUSED_VARIABLE = YES;
				IPHONEOS_DEPLOYMENT_TARGET = 6.1;
				OTHER_CFLAGS = "-DNS_BLOCK_ASSERTIONS=1";
				SDKROOT = iphoneos;
				VALIDATE_PRODUCT = YES;
			};
			name = Release;
		};
		282DC6A61789191B0042FC9C /* Debug */ = {
			isa = XCBuildConfiguration;
			buildSettings = {
				GCC_PRECOMPILE_PREFIX_HEADER = YES;
				GCC_PREFIX_HEADER = "NTParallaxScrollView/NTParallaxScrollView-Prefix.pch";
				INFOPLIST_FILE = "NTParallaxScrollView/NTParallaxScrollView-Info.plist";
				PRODUCT_NAME = "$(TARGET_NAME)";
				WRAPPER_EXTENSION = app;
			};
			name = Debug;
		};
		282DC6A71789191B0042FC9C /* Release */ = {
			isa = XCBuildConfiguration;
			buildSettings = {
				GCC_PRECOMPILE_PREFIX_HEADER = YES;
				GCC_PREFIX_HEADER = "NTParallaxScrollView/NTParallaxScrollView-Prefix.pch";
				INFOPLIST_FILE = "NTParallaxScrollView/NTParallaxScrollView-Info.plist";
				PRODUCT_NAME = "$(TARGET_NAME)";
				WRAPPER_EXTENSION = app;
			};
			name = Release;
		};
/* End XCBuildConfiguration section */

/* Begin XCConfigurationList section */
		282DC67D1789191A0042FC9C /* Build configuration list for PBXProject "NTParallaxScrollView" */ = {
			isa = XCConfigurationList;
			buildConfigurations = (
				282DC6A31789191B0042FC9C /* Debug */,
				282DC6A41789191B0042FC9C /* Release */,
			);
			defaultConfigurationIsVisible = 0;
			defaultConfigurationName = Release;
		};
		282DC6A51789191B0042FC9C /* Build configuration list for PBXNativeTarget "NTParallaxScrollView" */ = {
			isa = XCConfigurationList;
			buildConfigurations = (
				282DC6A61789191B0042FC9C /* Debug */,
				282DC6A71789191B0042FC9C /* Release */,
			);
			defaultConfigurationIsVisible = 0;
		};
/* End XCConfigurationList section */
	};
	rootObject = 282DC67A1789191A0042FC9C /* Project object */;
}
